
Microsoft Visual Studio Solution File, Format Version 12.00
# Visual Studio Version 16
VisualStudioVersion = 16.0.31911.196
MinimumVisualStudioVersion = 10.0.40219.1
Project("{8BC9CEB8-8B4A-11D0-8D11-00A0C91BC942}") = "ex1", "ex1.vcxproj", "{3F610BBE-5DA4-4A1E-A239-CAA3ABE94D87}"
EndProject
Global
	GlobalSection(SolutionConfigurationPlatforms) = preSolution
		Debug|x64 = Debug|x64
		Debug|x86 = Debug|x86
		Release|x64 = Release|x64
		Release|x86 = Release|x86
	EndGlobalSection
	GlobalSection(ProjectConfigurationPlatforms) = postSolution
		{3F610BBE-5DA4-4A1E-A239-CAA3ABE94D87}.Debug|x64.ActiveCfg = Debug|x64
		{3F610BBE-5DA4-4A1E-A239-CAA3ABE94D87}.Debug|x64.Build.0 = Debug|x64
		{3F610BBE-5DA4-4A1E-A239-CAA3ABE94D87}.Debug|x86.ActiveCfg = Debug|Win32
		{3F610BBE-5DA4-4A1E-A239-CAA3ABE94D87}.Debug|x86.Build.0 = Debug|Win32
		{3F610BBE-5DA4-4A1E-A239-CAA3ABE94D87}.Release|x64.ActiveCfg = Release|x64
		{3F610BBE-5DA4-4A1E-A239-CAA3ABE94D87}.Release|x64.Build.0 = Release|x64
		{3F610BBE-5DA4-4A1E-A239-CAA3ABE94D87}.Release|x86.ActiveCfg = Release|Win32
		{3F610BBE-5DA4-4A1E-A239-CAA3ABE94D87}.Release|x86.Build.0 = Release|Win32
	EndGlobalSection
	GlobalSection(SolutionProperties) = preSolution
		HideSolutionNode = FALSE
	EndGlobalSection
	GlobalSection(ExtensibilityGlobals) = postSolution
		SolutionGuid = {0602235D-C263-4232-BCFD-D897C5348BC8}
	EndGlobalSection
EndGlobal
