
Microsoft Visual Studio Solution File, Format Version 12.00
# Visual Studio 2013
VisualStudioVersion = 12.0.21005.1
MinimumVisualStudioVersion = 10.0.40219.1
Project("{8BC9CEB8-8B4A-11D0-8D11-00A0C91BC942}") = "SSE_Instruction", "SSE_Instruction\SSE_Instruction.vcxproj", "{5CFD0EF6-F8FF-40D6-8F70-95BAA7F9F746}"
EndProject
Project("{8BC9CEB8-8B4A-11D0-8D11-00A0C91BC942}") = "c_asm_xmm", "c_asm_xmm\c_asm_xmm.vcxproj", "{80848119-0E8E-40FB-9C4A-03A1CD4F21EA}"
EndProject
Global
	GlobalSection(SolutionConfigurationPlatforms) = preSolution
		Debug|Win32 = Debug|Win32
		Release|Win32 = Release|Win32
	EndGlobalSection
	GlobalSection(ProjectConfigurationPlatforms) = postSolution
		{5CFD0EF6-F8FF-40D6-8F70-95BAA7F9F746}.Debug|Win32.ActiveCfg = Debug|Win32
		{5CFD0EF6-F8FF-40D6-8F70-95BAA7F9F746}.Debug|Win32.Build.0 = Debug|Win32
		{5CFD0EF6-F8FF-40D6-8F70-95BAA7F9F746}.Release|Win32.ActiveCfg = Release|Win32
		{5CFD0EF6-F8FF-40D6-8F70-95BAA7F9F746}.Release|Win32.Build.0 = Release|Win32
		{80848119-0E8E-40FB-9C4A-03A1CD4F21EA}.Debug|Win32.ActiveCfg = Debug|Win32
		{80848119-0E8E-40FB-9C4A-03A1CD4F21EA}.Debug|Win32.Build.0 = Debug|Win32
		{80848119-0E8E-40FB-9C4A-03A1CD4F21EA}.Release|Win32.ActiveCfg = Release|Win32
		{80848119-0E8E-40FB-9C4A-03A1CD4F21EA}.Release|Win32.Build.0 = Release|Win32
	EndGlobalSection
	GlobalSection(SolutionProperties) = preSolution
		HideSolutionNode = FALSE
	EndGlobalSection
EndGlobal
