
Microsoft Visual Studio Solution File, Format Version 12.00
# Visual Studio Version 16
VisualStudioVersion = 16.0.31911.196
MinimumVisualStudioVersion = 10.0.40219.1
Project("{8BC9CEB8-8B4A-11D0-8D11-00A0C91BC942}") = "ex3", "ex3.vcxproj", "{38842D99-E68C-45C4-ADF4-B48FFB089E09}"
EndProject
Global
	GlobalSection(SolutionConfigurationPlatforms) = preSolution
		Debug|x64 = Debug|x64
		Debug|x86 = Debug|x86
		Release|x64 = Release|x64
		Release|x86 = Release|x86
	EndGlobalSection
	GlobalSection(ProjectConfigurationPlatforms) = postSolution
		{38842D99-E68C-45C4-ADF4-B48FFB089E09}.Debug|x64.ActiveCfg = Debug|x64
		{38842D99-E68C-45C4-ADF4-B48FFB089E09}.Debug|x64.Build.0 = Debug|x64
		{38842D99-E68C-45C4-ADF4-B48FFB089E09}.Debug|x86.ActiveCfg = Debug|Win32
		{38842D99-E68C-45C4-ADF4-B48FFB089E09}.Debug|x86.Build.0 = Debug|Win32
		{38842D99-E68C-45C4-ADF4-B48FFB089E09}.Release|x64.ActiveCfg = Release|x64
		{38842D99-E68C-45C4-ADF4-B48FFB089E09}.Release|x64.Build.0 = Release|x64
		{38842D99-E68C-45C4-ADF4-B48FFB089E09}.Release|x86.ActiveCfg = Release|Win32
		{38842D99-E68C-45C4-ADF4-B48FFB089E09}.Release|x86.Build.0 = Release|Win32
	EndGlobalSection
	GlobalSection(SolutionProperties) = preSolution
		HideSolutionNode = FALSE
	EndGlobalSection
	GlobalSection(ExtensibilityGlobals) = postSolution
		SolutionGuid = {C6185AF5-C0A9-4C9D-A2E9-40071D7288FA}
	EndGlobalSection
EndGlobal
