
Microsoft Visual Studio Solution File, Format Version 12.00
# Visual Studio Version 16
VisualStudioVersion = 16.0.29215.179
MinimumVisualStudioVersion = 10.0.40219.1
Project("{8BC9CEB8-8B4A-11D0-8D11-00A0C91BC942}") = "Project1", "Project1\Project1.vcxproj", "{2DCAED19-84A5-4FBA-B88E-D0AEB2DEA287}"
EndProject
Project("{8BC9CEB8-8B4A-11D0-8D11-00A0C91BC942}") = "asm_64", "asm_64\asm_64.vcxproj", "{9BE40FA4-07AF-41EC-98A9-DD5EC4B6D1DE}"
EndProject
Project("{8BC9CEB8-8B4A-11D0-8D11-00A0C91BC942}") = "asm_64_example", "asm_64_example\asm_64_example.vcxproj", "{8139CBAF-59E2-4F24-A650-03C2322C6A53}"
EndProject
Project("{8BC9CEB8-8B4A-11D0-8D11-00A0C91BC942}") = "code_self_modify", "code_self_modify\code_self_modify.vcxproj", "{7D9FE474-E19F-4753-9F06-93CA9B608BE6}"
EndProject
Project("{8BC9CEB8-8B4A-11D0-8D11-00A0C91BC942}") = "asm_64_avx", "asm_64_avx\asm_64_avx.vcxproj", "{6F99B411-5081-4F3D-BACE-FA318EEF7B2F}"
EndProject
Project("{8BC9CEB8-8B4A-11D0-8D11-00A0C91BC942}") = "c_asm_64", "c_asm_64\c_asm_64.vcxproj", "{35D11C0B-A781-471E-AFAF-5A875020880E}"
EndProject
Project("{8BC9CEB8-8B4A-11D0-8D11-00A0C91BC942}") = "c_asm_null", "c_asm_null\c_asm_null.vcxproj", "{A2FD0749-9CEB-42F3-8E71-0599A7B04C17}"
EndProject
Project("{8BC9CEB8-8B4A-11D0-8D11-00A0C91BC942}") = "add_print", "add_print\add_print.vcxproj", "{E9E8BA9B-7666-4F2F-9CF2-0BCE4CB89898}"
EndProject
Global
	GlobalSection(SolutionConfigurationPlatforms) = preSolution
		Debug|Mixed Platforms = Debug|Mixed Platforms
		Debug|Win32 = Debug|Win32
		Debug|x64 = Debug|x64
		Release|Mixed Platforms = Release|Mixed Platforms
		Release|Win32 = Release|Win32
		Release|x64 = Release|x64
	EndGlobalSection
	GlobalSection(ProjectConfigurationPlatforms) = postSolution
		{2DCAED19-84A5-4FBA-B88E-D0AEB2DEA287}.Debug|Mixed Platforms.ActiveCfg = Debug|Win32
		{2DCAED19-84A5-4FBA-B88E-D0AEB2DEA287}.Debug|Mixed Platforms.Build.0 = Debug|Win32
		{2DCAED19-84A5-4FBA-B88E-D0AEB2DEA287}.Debug|Win32.ActiveCfg = Debug|Win32
		{2DCAED19-84A5-4FBA-B88E-D0AEB2DEA287}.Debug|Win32.Build.0 = Debug|Win32
		{2DCAED19-84A5-4FBA-B88E-D0AEB2DEA287}.Debug|x64.ActiveCfg = Debug|x64
		{2DCAED19-84A5-4FBA-B88E-D0AEB2DEA287}.Release|Mixed Platforms.ActiveCfg = Release|Win32
		{2DCAED19-84A5-4FBA-B88E-D0AEB2DEA287}.Release|Mixed Platforms.Build.0 = Release|Win32
		{2DCAED19-84A5-4FBA-B88E-D0AEB2DEA287}.Release|Win32.ActiveCfg = Release|Win32
		{2DCAED19-84A5-4FBA-B88E-D0AEB2DEA287}.Release|Win32.Build.0 = Release|Win32
		{2DCAED19-84A5-4FBA-B88E-D0AEB2DEA287}.Release|x64.ActiveCfg = Release|x64
		{2DCAED19-84A5-4FBA-B88E-D0AEB2DEA287}.Release|x64.Build.0 = Release|x64
		{9BE40FA4-07AF-41EC-98A9-DD5EC4B6D1DE}.Debug|Mixed Platforms.ActiveCfg = Debug|Win32
		{9BE40FA4-07AF-41EC-98A9-DD5EC4B6D1DE}.Debug|Mixed Platforms.Build.0 = Debug|Win32
		{9BE40FA4-07AF-41EC-98A9-DD5EC4B6D1DE}.Debug|Win32.ActiveCfg = Debug|Win32
		{9BE40FA4-07AF-41EC-98A9-DD5EC4B6D1DE}.Debug|Win32.Build.0 = Debug|Win32
		{9BE40FA4-07AF-41EC-98A9-DD5EC4B6D1DE}.Debug|x64.ActiveCfg = Debug|x64
		{9BE40FA4-07AF-41EC-98A9-DD5EC4B6D1DE}.Release|Mixed Platforms.ActiveCfg = Release|Win32
		{9BE40FA4-07AF-41EC-98A9-DD5EC4B6D1DE}.Release|Mixed Platforms.Build.0 = Release|Win32
		{9BE40FA4-07AF-41EC-98A9-DD5EC4B6D1DE}.Release|Win32.ActiveCfg = Release|Win32
		{9BE40FA4-07AF-41EC-98A9-DD5EC4B6D1DE}.Release|Win32.Build.0 = Release|Win32
		{9BE40FA4-07AF-41EC-98A9-DD5EC4B6D1DE}.Release|x64.ActiveCfg = Release|Win32
		{8139CBAF-59E2-4F24-A650-03C2322C6A53}.Debug|Mixed Platforms.ActiveCfg = Debug|Win32
		{8139CBAF-59E2-4F24-A650-03C2322C6A53}.Debug|Mixed Platforms.Build.0 = Debug|Win32
		{8139CBAF-59E2-4F24-A650-03C2322C6A53}.Debug|Win32.ActiveCfg = Debug|Win32
		{8139CBAF-59E2-4F24-A650-03C2322C6A53}.Debug|Win32.Build.0 = Debug|Win32
		{8139CBAF-59E2-4F24-A650-03C2322C6A53}.Debug|x64.ActiveCfg = Debug|x64
		{8139CBAF-59E2-4F24-A650-03C2322C6A53}.Debug|x64.Build.0 = Debug|x64
		{8139CBAF-59E2-4F24-A650-03C2322C6A53}.Release|Mixed Platforms.ActiveCfg = Release|Win32
		{8139CBAF-59E2-4F24-A650-03C2322C6A53}.Release|Mixed Platforms.Build.0 = Release|Win32
		{8139CBAF-59E2-4F24-A650-03C2322C6A53}.Release|Win32.ActiveCfg = Release|Win32
		{8139CBAF-59E2-4F24-A650-03C2322C6A53}.Release|Win32.Build.0 = Release|Win32
		{8139CBAF-59E2-4F24-A650-03C2322C6A53}.Release|x64.ActiveCfg = Release|Win32
		{7D9FE474-E19F-4753-9F06-93CA9B608BE6}.Debug|Mixed Platforms.ActiveCfg = Debug|Win32
		{7D9FE474-E19F-4753-9F06-93CA9B608BE6}.Debug|Mixed Platforms.Build.0 = Debug|Win32
		{7D9FE474-E19F-4753-9F06-93CA9B608BE6}.Debug|Win32.ActiveCfg = Debug|Win32
		{7D9FE474-E19F-4753-9F06-93CA9B608BE6}.Debug|Win32.Build.0 = Debug|Win32
		{7D9FE474-E19F-4753-9F06-93CA9B608BE6}.Debug|x64.ActiveCfg = Debug|x64
		{7D9FE474-E19F-4753-9F06-93CA9B608BE6}.Release|Mixed Platforms.ActiveCfg = Release|Win32
		{7D9FE474-E19F-4753-9F06-93CA9B608BE6}.Release|Mixed Platforms.Build.0 = Release|Win32
		{7D9FE474-E19F-4753-9F06-93CA9B608BE6}.Release|Win32.ActiveCfg = Release|Win32
		{7D9FE474-E19F-4753-9F06-93CA9B608BE6}.Release|Win32.Build.0 = Release|Win32
		{7D9FE474-E19F-4753-9F06-93CA9B608BE6}.Release|x64.ActiveCfg = Release|Win32
		{6F99B411-5081-4F3D-BACE-FA318EEF7B2F}.Debug|Mixed Platforms.ActiveCfg = Debug|Win32
		{6F99B411-5081-4F3D-BACE-FA318EEF7B2F}.Debug|Mixed Platforms.Build.0 = Debug|Win32
		{6F99B411-5081-4F3D-BACE-FA318EEF7B2F}.Debug|Win32.ActiveCfg = Debug|Win32
		{6F99B411-5081-4F3D-BACE-FA318EEF7B2F}.Debug|Win32.Build.0 = Debug|Win32
		{6F99B411-5081-4F3D-BACE-FA318EEF7B2F}.Debug|x64.ActiveCfg = Debug|x64
		{6F99B411-5081-4F3D-BACE-FA318EEF7B2F}.Release|Mixed Platforms.ActiveCfg = Release|Win32
		{6F99B411-5081-4F3D-BACE-FA318EEF7B2F}.Release|Mixed Platforms.Build.0 = Release|Win32
		{6F99B411-5081-4F3D-BACE-FA318EEF7B2F}.Release|Win32.ActiveCfg = Release|Win32
		{6F99B411-5081-4F3D-BACE-FA318EEF7B2F}.Release|Win32.Build.0 = Release|Win32
		{6F99B411-5081-4F3D-BACE-FA318EEF7B2F}.Release|x64.ActiveCfg = Release|Win32
		{35D11C0B-A781-471E-AFAF-5A875020880E}.Debug|Mixed Platforms.ActiveCfg = Debug|Win32
		{35D11C0B-A781-471E-AFAF-5A875020880E}.Debug|Mixed Platforms.Build.0 = Debug|Win32
		{35D11C0B-A781-471E-AFAF-5A875020880E}.Debug|Win32.ActiveCfg = Debug|Win32
		{35D11C0B-A781-471E-AFAF-5A875020880E}.Debug|Win32.Build.0 = Debug|Win32
		{35D11C0B-A781-471E-AFAF-5A875020880E}.Debug|x64.ActiveCfg = Debug|x64
		{35D11C0B-A781-471E-AFAF-5A875020880E}.Debug|x64.Build.0 = Debug|x64
		{35D11C0B-A781-471E-AFAF-5A875020880E}.Release|Mixed Platforms.ActiveCfg = Release|Win32
		{35D11C0B-A781-471E-AFAF-5A875020880E}.Release|Mixed Platforms.Build.0 = Release|Win32
		{35D11C0B-A781-471E-AFAF-5A875020880E}.Release|Win32.ActiveCfg = Release|Win32
		{35D11C0B-A781-471E-AFAF-5A875020880E}.Release|Win32.Build.0 = Release|Win32
		{35D11C0B-A781-471E-AFAF-5A875020880E}.Release|x64.ActiveCfg = Release|x64
		{35D11C0B-A781-471E-AFAF-5A875020880E}.Release|x64.Build.0 = Release|x64
		{A2FD0749-9CEB-42F3-8E71-0599A7B04C17}.Debug|Mixed Platforms.ActiveCfg = Debug|Win32
		{A2FD0749-9CEB-42F3-8E71-0599A7B04C17}.Debug|Mixed Platforms.Build.0 = Debug|Win32
		{A2FD0749-9CEB-42F3-8E71-0599A7B04C17}.Debug|Win32.ActiveCfg = Debug|Win32
		{A2FD0749-9CEB-42F3-8E71-0599A7B04C17}.Debug|Win32.Build.0 = Debug|Win32
		{A2FD0749-9CEB-42F3-8E71-0599A7B04C17}.Debug|x64.ActiveCfg = Debug|x64
		{A2FD0749-9CEB-42F3-8E71-0599A7B04C17}.Debug|x64.Build.0 = Debug|x64
		{A2FD0749-9CEB-42F3-8E71-0599A7B04C17}.Release|Mixed Platforms.ActiveCfg = Release|Win32
		{A2FD0749-9CEB-42F3-8E71-0599A7B04C17}.Release|Mixed Platforms.Build.0 = Release|Win32
		{A2FD0749-9CEB-42F3-8E71-0599A7B04C17}.Release|Win32.ActiveCfg = Release|Win32
		{A2FD0749-9CEB-42F3-8E71-0599A7B04C17}.Release|Win32.Build.0 = Release|Win32
		{A2FD0749-9CEB-42F3-8E71-0599A7B04C17}.Release|x64.ActiveCfg = Release|x64
		{A2FD0749-9CEB-42F3-8E71-0599A7B04C17}.Release|x64.Build.0 = Release|x64
		{E9E8BA9B-7666-4F2F-9CF2-0BCE4CB89898}.Debug|Mixed Platforms.ActiveCfg = Debug|Win32
		{E9E8BA9B-7666-4F2F-9CF2-0BCE4CB89898}.Debug|Mixed Platforms.Build.0 = Debug|Win32
		{E9E8BA9B-7666-4F2F-9CF2-0BCE4CB89898}.Debug|Win32.ActiveCfg = Debug|Win32
		{E9E8BA9B-7666-4F2F-9CF2-0BCE4CB89898}.Debug|Win32.Build.0 = Debug|Win32
		{E9E8BA9B-7666-4F2F-9CF2-0BCE4CB89898}.Debug|x64.ActiveCfg = Debug|x64
		{E9E8BA9B-7666-4F2F-9CF2-0BCE4CB89898}.Debug|x64.Build.0 = Debug|x64
		{E9E8BA9B-7666-4F2F-9CF2-0BCE4CB89898}.Release|Mixed Platforms.ActiveCfg = Release|Win32
		{E9E8BA9B-7666-4F2F-9CF2-0BCE4CB89898}.Release|Mixed Platforms.Build.0 = Release|Win32
		{E9E8BA9B-7666-4F2F-9CF2-0BCE4CB89898}.Release|Win32.ActiveCfg = Release|Win32
		{E9E8BA9B-7666-4F2F-9CF2-0BCE4CB89898}.Release|Win32.Build.0 = Release|Win32
		{E9E8BA9B-7666-4F2F-9CF2-0BCE4CB89898}.Release|x64.ActiveCfg = Release|x64
		{E9E8BA9B-7666-4F2F-9CF2-0BCE4CB89898}.Release|x64.Build.0 = Release|x64
	EndGlobalSection
	GlobalSection(SolutionProperties) = preSolution
		HideSolutionNode = FALSE
	EndGlobalSection
	GlobalSection(ExtensibilityGlobals) = postSolution
		SolutionGuid = {B65E6BC3-514C-4259-9677-3FA147C0065E}
	EndGlobalSection
EndGlobal
